<?xml version="1.0" encoding="UTF-8" standalone="yes" ?>
<CodeBlocks_project_file>
	<FileVersion major="1" minor="6" />
	<Project>
		<Option title="survive_sv" />
		<Option pch_mode="2" />
		<Option compiler="gcc" />
		<Build>
			<Target title="Debug">
				<Option output="bin/Debug/survive_sv" prefix_auto="1" extension_auto="1" />
				<Option working_dir="./.." />
				<Option object_output="obj/Debug/" />
				<Option type="1" />
				<Option compiler="gcc" />
				<Option parameters="1" />
				<Compiler>
					<Add option="-g" />
					<Add option="-Dserver" />
				</Compiler>
			</Target>
			<Target title="Release">
				<Option output="bin/Release/survive_sv" prefix_auto="1" extension_auto="1" />
				<Option working_dir="./.." />
				<Option object_output="obj/Release/" />
				<Option type="0" />
				<Option compiler="gcc" />
				<Compiler>
					<Add option="-O2" />
				</Compiler>
				<Linker>
					<Add option="-s" />
				</Linker>
			</Target>
		</Build>
		<Compiler>
			<Add option="-std=c++11" />
			<Add option="-Wall" />
			<Add option="`sdl-config --cflags`" />
			<Add directory="../shared" />
			<Add directory="../libraries/tinyxml" />
			<Add directory="../libraries/enet-1.3.5/include" />
		</Compiler>
		<Linker>
			<Add option="`sdl-config --libs`" />
			<Add library="../libs/enet/.libs/libenet.a" />
			<Add library="SDL" />
		</Linker>
		<Unit filename="../shared/Timer.cpp" />
		<Unit filename="../shared/Timer.h" />
		<Unit filename="../shared/actor.cpp" />
		<Unit filename="../shared/actor.h" />
		<Unit filename="../shared/backends/b_npcs.cpp" />
		<Unit filename="../shared/backends/b_npcs.h" />
		<Unit filename="../shared/backends/b_weapons.cpp" />
		<Unit filename="../shared/backends/b_weapons.h" />
		<Unit filename="../shared/box.cpp" />
		<Unit filename="../shared/box.h" />
		<Unit filename="../shared/collectible.cpp" />
		<Unit filename="../shared/collectible.h" />
		<Unit filename="../shared/defs.h" />
		<Unit filename="../shared/flist.h" />
		<Unit filename="../shared/game.cpp" />
		<Unit filename="../shared/game.h" />
		<Unit filename="../shared/helper.cpp" />
		<Unit filename="../shared/helper.h" />
		<Unit filename="../shared/level.cpp" />
		<Unit filename="../shared/level.h" />
		<Unit filename="../shared/net.cpp" />
		<Unit filename="../shared/net.h" />
		<Unit filename="../shared/npc.cpp" />
		<Unit filename="../shared/npc.h" />
		<Unit filename="../shared/player.cpp" />
		<Unit filename="../shared/player.h" />
		<Unit filename="../shared/projectile.cpp" />
		<Unit filename="../shared/projectile.h" />
		<Unit filename="../shared/vec.cpp" />
		<Unit filename="../shared/vec.h" />
		<Unit filename="../shared/weaponmgr.cpp" />
		<Unit filename="../shared/weaponmgr.h" />
		<Unit filename="base85.cpp" />
		<Unit filename="box_sv.cpp" />
		<Unit filename="box_sv.h" />
		<Unit filename="collectible_sv.cpp" />
		<Unit filename="collectible_sv.h" />
		<Unit filename="gameServer.cpp" />
		<Unit filename="gameServer.h" />
		<Unit filename="level_sv.cpp" />
		<Unit filename="level_sv.h" />
		<Unit filename="main.cpp" />
		<Unit filename="net_sv.cpp" />
		<Unit filename="net_sv.h" />
		<Unit filename="npc_sv.cpp" />
		<Unit filename="npc_sv.h" />
		<Unit filename="player_sv.cpp" />
		<Unit filename="player_sv.h" />
		<Unit filename="projectile_sv.cpp" />
		<Unit filename="projectile_sv.h" />
		<Unit filename="scoremgr.cpp" />
		<Unit filename="scoremgr.h" />
		<Unit filename="weaponmgr_sv.cpp" />
		<Unit filename="weaponmgr_sv.h" />
		<Extensions>
			<code_completion />
			<envvars />
			<debugger />
			<lib_finder disable_auto="1" />
		</Extensions>
	</Project>
</CodeBlocks_project_file>
